
Microsoft Visual Studio Solution File, Format Version 12.00
# Visual Studio Version 17
VisualStudioVersion = 17.11.35208.52
MinimumVisualStudioVersion = 10.0.40219.1
Project("{9A19103F-16F7-4668-BE54-9A1E7A4F7556}") = "WebNC_BTL_QLCV", "WebNC_BTL_QLCV.csproj", "{4505FC8F-83A0-49B5-942E-01B1B7120F2C}"
EndProject
Global
	GlobalSection(SolutionConfigurationPlatforms) = preSolution
		Debug|Any CPU = Debug|Any CPU
		Release|Any CPU = Release|Any CPU
	EndGlobalSection
	GlobalSection(ProjectConfigurationPlatforms) = postSolution
		{4505FC8F-83A0-49B5-942E-01B1B7120F2C}.Debug|Any CPU.ActiveCfg = Debug|Any CPU
		{4505FC8F-83A0-49B5-942E-01B1B7120F2C}.Debug|Any CPU.Build.0 = Debug|Any CPU
		{4505FC8F-83A0-49B5-942E-01B1B7120F2C}.Release|Any CPU.ActiveCfg = Release|Any CPU
		{4505FC8F-83A0-49B5-942E-01B1B7120F2C}.Release|Any CPU.Build.0 = Release|Any CPU
	EndGlobalSection
	GlobalSection(SolutionProperties) = preSolution
		HideSolutionNode = FALSE
	EndGlobalSection
	GlobalSection(ExtensibilityGlobals) = postSolution
		SolutionGuid = {0AC5638F-697E-4884-A64E-CB3833FBF372}
	EndGlobalSection
EndGlobal
